# THIS IS AN AUTOGENERATED FILE. DO NOT EDIT THIS FILE DIRECTLY.
# yarn lockfile v1


"@abp/core@^4.4.0":
  version "4.4.3"
  resolved "https://registry.yarnpkg.com/@abp/core/-/core-4.4.3.tgz#fc79a2eebf37a61a6cc05287b722750000f38522"
  integrity sha512-gQ2rNyj1MpYCfLTg7Id/20AH4dqs0XIt/n+WqlgeGoYvEpAm4lakHWL7mxZaDQ+iMI/lVVrBhuzwuQv7xKpEIQ==
  dependencies:
    "@abp/utils" "^4.4.3"

"@abp/utils@^4.4.3":
  version "4.4.3"
  resolved "https://registry.yarnpkg.com/@abp/utils/-/utils-4.4.3.tgz#5d6939be5463adaa938357d74d1a35fed21b0115"
  integrity sha512-B2E89fhM7vKDz9He6EeNc9P5RVYThiBLpTkKvJTeXG+DJtrP2ZbEICe1fcDA48wLFokXXKgx/SjoJlMvObhilQ==
  dependencies:
    just-compare "^1.3.0"

just-compare@^1.3.0:
  version "1.4.0"
  resolved "https://registry.yarnpkg.com/just-compare/-/just-compare-1.4.0.tgz#079b7f37312c7a22517b3bf2aa7131bfd24c29dd"
  integrity sha512-uNZ4VC7/WoBWAasr2FDOYtIb7S6e4K4ERJTnyYHSBltJQ3/Qg2c/HX+vFT4Zas5tw/e/jWxvaaOD84QcgCxRGw==
